
Microsoft Visual Studio Solution File, Format Version 12.00
# Visual Studio Version 16
VisualStudioVersion = 16.0.30611.23
MinimumVisualStudioVersion = 10.0.40219.1
Project("{888888A0-9F3D-457C-B088-3A5042F75D52}") = "volume hand gesture", "volume hand gesture\volume hand gesture.pyproj", "{174AF670-E0C9-4468-9004-43545B88F890}"
EndProject
Global
	GlobalSection(SolutionConfigurationPlatforms) = preSolution
		Debug|Any CPU = Debug|Any CPU
		Release|Any CPU = Release|Any CPU
	EndGlobalSection
	GlobalSection(ProjectConfigurationPlatforms) = postSolution
		{174AF670-E0C9-4468-9004-43545B88F890}.Debug|Any CPU.ActiveCfg = Debug|Any CPU
		{174AF670-E0C9-4468-9004-43545B88F890}.Release|Any CPU.ActiveCfg = Release|Any CPU
	EndGlobalSection
	GlobalSection(SolutionProperties) = preSolution
		HideSolutionNode = FALSE
	EndGlobalSection
	GlobalSection(ExtensibilityGlobals) = postSolution
		SolutionGuid = {D831DBF2-6637-4891-A27E-EB93FDC64875}
	EndGlobalSection
EndGlobal
